
Microsoft Visual Studio Solution File, Format Version 12.00
# Visual Studio Version 17
VisualStudioVersion = 17.1.32210.238
MinimumVisualStudioVersion = 10.0.40219.1
Project("{FAE04EC0-301F-11D3-BF4B-00C04F79EFBC}") = "NOWAR", "NOWAR\NOWAR.csproj", "{9BB354EB-70A4-4A1B-B4BD-605ACC2C3A5C}"
EndProject
Global
	GlobalSection(SolutionConfigurationPlatforms) = preSolution
		Debug|Any CPU = Debug|Any CPU
		Release|Any CPU = Release|Any CPU
	EndGlobalSection
	GlobalSection(ProjectConfigurationPlatforms) = postSolution
		{9BB354EB-70A4-4A1B-B4BD-605ACC2C3A5C}.Debug|Any CPU.ActiveCfg = Debug|Any CPU
		{9BB354EB-70A4-4A1B-B4BD-605ACC2C3A5C}.Debug|Any CPU.Build.0 = Debug|Any CPU
		{9BB354EB-70A4-4A1B-B4BD-605ACC2C3A5C}.Release|Any CPU.ActiveCfg = Release|Any CPU
		{9BB354EB-70A4-4A1B-B4BD-605ACC2C3A5C}.Release|Any CPU.Build.0 = Release|Any CPU
	EndGlobalSection
	GlobalSection(SolutionProperties) = preSolution
		HideSolutionNode = FALSE
	EndGlobalSection
	GlobalSection(ExtensibilityGlobals) = postSolution
		SolutionGuid = {53246954-0140-48C9-8EC3-6B2AB4785F37}
	EndGlobalSection
EndGlobal
